
Microsoft Visual Studio Solution File, Format Version 12.00
# Visual Studio Version 17
VisualStudioVersion = 17.5.002.0
MinimumVisualStudioVersion = 10.0.40219.1
Project("{2150E333-8FDC-42A3-9474-1A3956D46DE8}") = "src", "src", "{EA3CFDCA-81FE-451B-960E-ACB66B463DB4}"
EndProject
Project("{2150E333-8FDC-42A3-9474-1A3956D46DE8}") = "Commons", "Commons", "{0AF3EE0A-CB4F-4827-91EA-4B3B1B8DA2FA}"
EndProject
Project("{9A19103F-16F7-4668-BE54-9A1E7A4F7556}") = "Mario", "src\Commons\Mario\Mario.csproj", "{C53E3163-2770-42E2-A307-BD0572FB2192}"
EndProject
Project("{2150E333-8FDC-42A3-9474-1A3956D46DE8}") = "HomeWorks", "HomeWorks", "{02C7D744-295D-4519-AA31-964A7FD33617}"
EndProject
Project("{2150E333-8FDC-42A3-9474-1A3956D46DE8}") = "DenisGandarillas", "DenisGandarillas", "{D99018F8-9460-486E-A227-FFB59EFBF983}"
EndProject
Project("{2150E333-8FDC-42A3-9474-1A3956D46DE8}") = "May", "May", "{9E2A314C-B173-4F8C-A2C7-57FD5E0426C5}"
EndProject
Project("{9A19103F-16F7-4668-BE54-9A1E7A4F7556}") = "Fifteen", "src\HomeWorks\DenisGandarillas\May\Fifteen\Fifteen.csproj", "{FC1FD1D5-1C0C-4CC8-9DA6-6EF10E8362DC}"
EndProject
Project("{9A19103F-16F7-4668-BE54-9A1E7A4F7556}") = "Program", "src\HomeWorks\DenisGandarillas\May\Ten\Program.csproj", "{8459AF35-E355-433E-BFD9-261767EEAE90}"
EndProject
Project("{9A19103F-16F7-4668-BE54-9A1E7A4F7556}") = "Program (1)", "src\HomeWorks\DenisGandarillas\May\Six\Program.csproj", "{AB6F0DE9-95DA-40C5-B1A5-CC7CF4135C4F}"
EndProject
Project("{9A19103F-16F7-4668-BE54-9A1E7A4F7556}") = "Program (2)", "src\HomeWorks\DenisGandarillas\May\Fourth\Program.csproj", "{E9FFFD2B-96FA-45CE-A501-E42B2E491CC1}"
EndProject
Project("{9A19103F-16F7-4668-BE54-9A1E7A4F7556}") = "Program (3)", "src\HomeWorks\DenisGandarillas\May\Eleven\Program.csproj", "{9A4CA47F-1879-4935-A6D6-AA6D506F8D4D}"
EndProject
Project("{9A19103F-16F7-4668-BE54-9A1E7A4F7556}") = "Program (4)", "src\HomeWorks\DenisGandarillas\May\Eight\Program.csproj", "{F5DF452C-F0A8-403A-A1E6-0DD4095C93E9}"
EndProject
Project("{2150E333-8FDC-42A3-9474-1A3956D46DE8}") = "DanielEspinoza", "DanielEspinoza", "{5F8CA803-FBEC-4321-98AC-CE06D4F9A91D}"
EndProject
Project("{2150E333-8FDC-42A3-9474-1A3956D46DE8}") = "May", "May", "{A221839D-4981-4765-9152-DFDA20260A79}"
EndProject
Project("{9A19103F-16F7-4668-BE54-9A1E7A4F7556}") = "Tenth", "src\HomeWorks\DanielEspinoza\May\Tenth\Tenth.csproj", "{1B18AC83-9D30-471D-A446-64AC284F6316}"
EndProject
Project("{9A19103F-16F7-4668-BE54-9A1E7A4F7556}") = "app02", "src\HomeWorks\DanielEspinoza\May\TwentySecond\app02.csproj", "{CE94CC7B-FE08-4137-AB0E-033F483E42D1}"
EndProject
Project("{9A19103F-16F7-4668-BE54-9A1E7A4F7556}") = "fif02", "src\HomeWorks\DanielEspinoza\May\Fifteenth\fif02.csproj", "{BE60E437-455F-494C-8DC4-90080DB07BAA}"
EndProject
Project("{2150E333-8FDC-42A3-9474-1A3956D46DE8}") = "ManuelMorales", "ManuelMorales", "{6E7F558F-A205-43C5-94BA-3F28A98FCFDB}"
EndProject
Project("{2150E333-8FDC-42A3-9474-1A3956D46DE8}") = "May", "May", "{4DD833DB-6ACA-4275-80B0-65AFD1001B87}"
EndProject
Project("{9A19103F-16F7-4668-BE54-9A1E7A4F7556}") = "Decorator", "src\HomeWorks\ManuelMorales\May\Tenth\Decorator.csproj", "{A04A4A60-E2CB-438B-BC48-86630C5E1D37}"
EndProject
Project("{9A19103F-16F7-4668-BE54-9A1E7A4F7556}") = "TwentyTwo", "src\HomeWorks\ManuelMorales\May\TwentyOne\TwentyTwo.csproj", "{931A1D3C-D96A-4E57-88B7-D654A4C1DABC}"
EndProject
Project("{9A19103F-16F7-4668-BE54-9A1E7A4F7556}") = "Recursion", "src\HomeWorks\ManuelMorales\May\Thirteenth\Recursion.csproj", "{540C1004-9470-454F-B4CB-F1210B1E87AF}"
EndProject
Project("{9A19103F-16F7-4668-BE54-9A1E7A4F7556}") = "Progression", "src\HomeWorks\ManuelMorales\May\Seventeenth\Progression.csproj", "{10A9329E-4782-4B31-AB6B-12FDCD49EA3A}"
EndProject
Project("{2150E333-8FDC-42A3-9474-1A3956D46DE8}") = "Thirdten", "Thirdten", "{57BD1990-50CC-4473-8E0F-173854320D4B}"
EndProject
Project("{9A19103F-16F7-4668-BE54-9A1E7A4F7556}") = "Regretion", "src\HomeWorks\DenisGandarillas\May\Thirdten\Regretion\Regretion.csproj", "{A04B98F0-568E-461D-A87B-E41F44971AB4}"
EndProject
Project("{9A19103F-16F7-4668-BE54-9A1E7A4F7556}") = "Program", "src\HomeWorks\DenisGandarillas\May\Thirdten\Search\Program.csproj", "{B060E6B8-23B2-494B-AB5E-FFEA5AB774D3}"
EndProject
Project("{2150E333-8FDC-42A3-9474-1A3956D46DE8}") = "Seventen", "Seventen", "{C1DCA48E-1FB9-448E-92E6-B3D46666119A}"
EndProject
Project("{9A19103F-16F7-4668-BE54-9A1E7A4F7556}") = "Seventen", "src\HomeWorks\DenisGandarillas\May\Seventen\Seventen\Seventen.csproj", "{C2F0DE94-3DD2-4632-BB54-321DCDA24305}"
EndProject
Project("{2150E333-8FDC-42A3-9474-1A3956D46DE8}") = "Fourth", "Fourth", "{0ABE8D26-643C-4AB1-B17A-69E7635EDBD4}"
EndProject
Project("{9A19103F-16F7-4668-BE54-9A1E7A4F7556}") = "template", "src\HomeWorks\DanielEspinoza\May\Fourth\template\template.csproj", "{8BD50CD7-F515-4BBF-A8F7-1B18AE2C8087}"
EndProject
Project("{9A19103F-16F7-4668-BE54-9A1E7A4F7556}") = "strategy", "src\HomeWorks\DanielEspinoza\May\Fourth\strategy\strategy.csproj", "{ED0E00BC-5431-452F-8813-3B7FE0B76A77}"
EndProject
Project("{2150E333-8FDC-42A3-9474-1A3956D46DE8}") = "Sixth", "Sixth", "{7A34B7D1-5D47-49A2-840D-B5C5E862E04D}"
EndProject
Project("{9A19103F-16F7-4668-BE54-9A1E7A4F7556}") = "Puppeteer", "src\HomeWorks\DanielEspinoza\May\Sixth\Puppeteer\Puppeteer.csproj", "{C028638C-900B-4B0C-A2DA-84F14D23E1DB}"
EndProject
Project("{2150E333-8FDC-42A3-9474-1A3956D46DE8}") = "Eighth", "Eighth", "{D111C57A-BC0F-46EC-8BD5-B83D43F6BF2A}"
EndProject
Project("{9A19103F-16F7-4668-BE54-9A1E7A4F7556}") = "AbstractFactory", "src\HomeWorks\DanielEspinoza\May\Eighth\AbstractFactory\AbstractFactory.csproj", "{F9101094-5E3B-498C-9FFC-3D90DD44147B}"
EndProject
Project("{9A19103F-16F7-4668-BE54-9A1E7A4F7556}") = "ChainOfResponsability", "src\HomeWorks\DanielEspinoza\May\Eighth\ChainOfResponsability\ChainOfResponsability.csproj", "{C1DA9507-EFDA-4D34-8969-C1B392F36CC5}"
EndProject
Project("{2150E333-8FDC-42A3-9474-1A3956D46DE8}") = "Thirteenth", "Thirteenth", "{3A8209AB-8DE4-4BDC-844A-39EF7F8A9F27}"
EndProject
Project("{9A19103F-16F7-4668-BE54-9A1E7A4F7556}") = "fibo", "src\HomeWorks\DanielEspinoza\May\Thirteenth\fibo\fibo.csproj", "{5A1C70D5-D557-4745-80A3-558E84A40431}"
EndProject
Project("{9A19103F-16F7-4668-BE54-9A1E7A4F7556}") = "blog", "src\HomeWorks\DanielEspinoza\May\Thirteenth\blog\blog.csproj", "{60145C36-284A-48A0-9D47-04EE31179355}"
EndProject
Project("{2150E333-8FDC-42A3-9474-1A3956D46DE8}") = "Fourth", "Fourth", "{B33E5C43-D3A7-4EFE-87B1-0487F3910CE3}"
EndProject
Project("{9A19103F-16F7-4668-BE54-9A1E7A4F7556}") = "TemplateMethod", "src\HomeWorks\ManuelMorales\May\Fourth\TemplateMethod\TemplateMethod.csproj", "{17324967-35AC-4F8C-A993-19900391F728}"
EndProject
Project("{9A19103F-16F7-4668-BE54-9A1E7A4F7556}") = "Strategy", "src\HomeWorks\ManuelMorales\May\Fourth\Strategy\Strategy.csproj", "{51A30B7B-38DB-45B8-96C5-B41C039FBC10}"
EndProject
Project("{2150E333-8FDC-42A3-9474-1A3956D46DE8}") = "Sixth", "Sixth", "{A68F5847-FA0D-43AD-A7E5-A798DD47439B}"
EndProject
Project("{9A19103F-16F7-4668-BE54-9A1E7A4F7556}") = "Puppets", "src\HomeWorks\ManuelMorales\May\Sixth\Puppets\Puppets.csproj", "{1A597B69-E44C-451A-B853-63142A7473E3}"
EndProject
Project("{9A19103F-16F7-4668-BE54-9A1E7A4F7556}") = "Generics", "src\HomeWorks\ManuelMorales\May\Sixth\Generics\Generics.csproj", "{7291B1CB-F1A2-4993-80A9-3C8AF42E7CBA}"
EndProject
Project("{2150E333-8FDC-42A3-9474-1A3956D46DE8}") = "Eighth", "Eighth", "{60C4D8F8-0D2D-4498-A07A-2CCF41FE59BA}"
EndProject
Project("{9A19103F-16F7-4668-BE54-9A1E7A4F7556}") = "ChainResponsability", "src\HomeWorks\ManuelMorales\May\Eighth\ChainResponsibility\ChainResponsability.csproj", "{C69DF9D7-A0A6-4A60-B0C3-B918600778B0}"
EndProject
Project("{9A19103F-16F7-4668-BE54-9A1E7A4F7556}") = "Factory", "src\HomeWorks\ManuelMorales\May\Eighth\Factory\Factory.csproj", "{A9B8CA27-E5BD-4104-B30E-7245C75FF333}"
EndProject
Project("{2150E333-8FDC-42A3-9474-1A3956D46DE8}") = "Fifteenth", "Fifteenth", "{91F94EB4-68AA-45E9-B15E-EC0DC96E474A}"
EndProject
Project("{9A19103F-16F7-4668-BE54-9A1E7A4F7556}") = "FileHandler", "src\HomeWorks\ManuelMorales\May\Fifteenth\FileHandler\FileHandler.csproj", "{8A42FB6D-C36C-4C84-A8FE-47D33F70E0ED}"
EndProject
Project("{9A19103F-16F7-4668-BE54-9A1E7A4F7556}") = "Progression", "src\HomeWorks\ManuelMorales\May\Fifteenth\Progression\Progression.csproj", "{37F77B6D-EEA6-4710-A0A0-EB6ADC60F29C}"
EndProject
Project("{2150E333-8FDC-42A3-9474-1A3956D46DE8}") = "Thirteenth", "Thirteenth", "{53C62C5F-8DF5-454E-A675-ECEFA8F6267B}"
EndProject
Project("{9A19103F-16F7-4668-BE54-9A1E7A4F7556}") = "Recursion", "src\HomeWorks\ManuelMorales\May\Thirteenth\Recursion\Recursion.csproj", "{C1215EC7-7803-43E0-A85C-C1CE906585E0}"
EndProject
Project("{9A19103F-16F7-4668-BE54-9A1E7A4F7556}") = "Search", "src\HomeWorks\ManuelMorales\May\Thirteenth\Search\Search.csproj", "{6F46120C-F955-405D-9208-47492F520B75}"
EndProject
Project("{2150E333-8FDC-42A3-9474-1A3956D46DE8}") = "JheremyTancara", "JheremyTancara", "{AA8D5295-5BAB-4CBB-A795-E52EE21C6C1B}"
EndProject
Project("{2150E333-8FDC-42A3-9474-1A3956D46DE8}") = "May", "May", "{753F6B9C-D30F-4029-977C-A650AD5FCC69}"
EndProject
Project("{2150E333-8FDC-42A3-9474-1A3956D46DE8}") = "Ten", "Ten", "{1EEBD9EB-3D26-4291-80C7-7AE0164CF3EF}"
EndProject
Project("{9A19103F-16F7-4668-BE54-9A1E7A4F7556}") = "decorator", "src\HomeWorks\JheremyTancara\May\Ten\decorator\decorator.csproj", "{C308CFE1-E766-4D80-990F-D59139AB366E}"
EndProject
Project("{2150E333-8FDC-42A3-9474-1A3956D46DE8}") = "Fourth", "Fourth", "{94FBE721-6E9C-4C6C-9537-13903F506D8B}"
EndProject
Project("{9A19103F-16F7-4668-BE54-9A1E7A4F7556}") = "template", "src\HomeWorks\JheremyTancara\May\Fourth\template\template.csproj", "{621104BF-F39E-4E8A-B83D-FF9DB3156C0A}"
EndProject
Project("{9A19103F-16F7-4668-BE54-9A1E7A4F7556}") = "strategy", "src\HomeWorks\JheremyTancara\May\Fourth\strategy\strategy.csproj", "{A3FD3B31-2A38-476B-813B-3C85225AF1C6}"
EndProject
Project("{2150E333-8FDC-42A3-9474-1A3956D46DE8}") = "TwentyOne", "TwentyOne", "{3F84C165-2450-40B2-A381-4962E9F73666}"
EndProject
Project("{9A19103F-16F7-4668-BE54-9A1E7A4F7556}") = "University", "src\HomeWorks\JheremyTancara\May\TwentyOne\University\University.csproj", "{F8203651-BB58-4CDF-A70D-9CCE17288936}"
EndProject
Project("{2150E333-8FDC-42A3-9474-1A3956D46DE8}") = "Sixth", "Sixth", "{B0FAA569-1820-4D61-B6C1-733DD92EAA18}"
EndProject
Project("{9A19103F-16F7-4668-BE54-9A1E7A4F7556}") = "factory", "src\HomeWorks\JheremyTancara\May\Sixth\factory\factory.csproj", "{031A01A5-D683-426A-AF12-9D8E2F949794}"
EndProject
Project("{9A19103F-16F7-4668-BE54-9A1E7A4F7556}") = "builder", "src\HomeWorks\JheremyTancara\May\Sixth\builder\builder.csproj", "{83873592-BE38-4C50-94D0-3BA267206AA4}"
EndProject
Project("{2150E333-8FDC-42A3-9474-1A3956D46DE8}") = "VictorCespedes", "VictorCespedes", "{E6015B75-C1C4-48D5-9A7E-ECF36DDFD024}"
EndProject
Project("{2150E333-8FDC-42A3-9474-1A3956D46DE8}") = "May", "May", "{4DF81661-89B6-47DC-81D9-FAF991657D93}"
EndProject
Project("{2150E333-8FDC-42A3-9474-1A3956D46DE8}") = "Fourth", "Fourth", "{018512DC-AC47-4CB1-A934-D3EAE8C5EEA6}"
EndProject
Project("{9A19103F-16F7-4668-BE54-9A1E7A4F7556}") = "Template", "src\HomeWorks\VictorCespedes\May\Fourth\Template\Template.csproj", "{73E3DABD-B79C-46C2-8DB5-FD9A60AD2356}"
EndProject
Project("{9A19103F-16F7-4668-BE54-9A1E7A4F7556}") = "strategy", "src\HomeWorks\VictorCespedes\May\Fourth\strategy\strategy.csproj", "{6A2CB896-5A3E-4583-BCB2-AB410FCB6CF0}"
EndProject
Project("{2150E333-8FDC-42A3-9474-1A3956D46DE8}") = "DesignPaterrns", "DesignPaterrns", "{9C0C809E-0A21-4053-9B33-96386FAD1295}"
EndProject
Project("{9A19103F-16F7-4668-BE54-9A1E7A4F7556}") = "Factory", "src\HomeWorks\DanielEspinoza\May\Sixth\DesignPaterrns\Factory\Factory.csproj", "{726074B4-5DB7-42C9-82E4-D6371EA8A5B4}"
EndProject
Project("{9A19103F-16F7-4668-BE54-9A1E7A4F7556}") = "Builder", "src\HomeWorks\DanielEspinoza\May\Sixth\DesignPaterrns\Builder\Builder.csproj", "{A51D4273-2288-40FA-8818-AD0B133AA0B3}"
EndProject
Project("{2150E333-8FDC-42A3-9474-1A3956D46DE8}") = "Patterns", "Patterns", "{2F470B8F-2391-4E9A-AA20-3324E0BEC22F}"
EndProject
Project("{9A19103F-16F7-4668-BE54-9A1E7A4F7556}") = "AbstractFactory", "src\HomeWorks\ManuelMorales\May\Sixth\Patterns\AbstractFactory\AbstractFactory.csproj", "{896B6505-4412-4E08-9599-7C1EFB4D6E48}"
EndProject
Project("{9A19103F-16F7-4668-BE54-9A1E7A4F7556}") = "Builder", "src\HomeWorks\ManuelMorales\May\Sixth\Patterns\Builder\Builder.csproj", "{794F85A1-434F-471B-A160-D5EDB09ED159}"
EndProject
Global
	GlobalSection(SolutionConfigurationPlatforms) = preSolution
		Debug|Any CPU = Debug|Any CPU
		Release|Any CPU = Release|Any CPU
	EndGlobalSection
	GlobalSection(ProjectConfigurationPlatforms) = postSolution
		{C53E3163-2770-42E2-A307-BD0572FB2192}.Debug|Any CPU.ActiveCfg = Debug|Any CPU
		{C53E3163-2770-42E2-A307-BD0572FB2192}.Debug|Any CPU.Build.0 = Debug|Any CPU
		{C53E3163-2770-42E2-A307-BD0572FB2192}.Release|Any CPU.ActiveCfg = Release|Any CPU
		{C53E3163-2770-42E2-A307-BD0572FB2192}.Release|Any CPU.Build.0 = Release|Any CPU
		{FC1FD1D5-1C0C-4CC8-9DA6-6EF10E8362DC}.Debug|Any CPU.ActiveCfg = Debug|Any CPU
		{FC1FD1D5-1C0C-4CC8-9DA6-6EF10E8362DC}.Debug|Any CPU.Build.0 = Debug|Any CPU
		{FC1FD1D5-1C0C-4CC8-9DA6-6EF10E8362DC}.Release|Any CPU.ActiveCfg = Release|Any CPU
		{FC1FD1D5-1C0C-4CC8-9DA6-6EF10E8362DC}.Release|Any CPU.Build.0 = Release|Any CPU
		{8459AF35-E355-433E-BFD9-261767EEAE90}.Debug|Any CPU.ActiveCfg = Debug|Any CPU
		{8459AF35-E355-433E-BFD9-261767EEAE90}.Debug|Any CPU.Build.0 = Debug|Any CPU
		{8459AF35-E355-433E-BFD9-261767EEAE90}.Release|Any CPU.ActiveCfg = Release|Any CPU
		{8459AF35-E355-433E-BFD9-261767EEAE90}.Release|Any CPU.Build.0 = Release|Any CPU
		{AB6F0DE9-95DA-40C5-B1A5-CC7CF4135C4F}.Debug|Any CPU.ActiveCfg = Debug|Any CPU
		{AB6F0DE9-95DA-40C5-B1A5-CC7CF4135C4F}.Debug|Any CPU.Build.0 = Debug|Any CPU
		{AB6F0DE9-95DA-40C5-B1A5-CC7CF4135C4F}.Release|Any CPU.ActiveCfg = Release|Any CPU
		{AB6F0DE9-95DA-40C5-B1A5-CC7CF4135C4F}.Release|Any CPU.Build.0 = Release|Any CPU
		{E9FFFD2B-96FA-45CE-A501-E42B2E491CC1}.Debug|Any CPU.ActiveCfg = Debug|Any CPU
		{E9FFFD2B-96FA-45CE-A501-E42B2E491CC1}.Debug|Any CPU.Build.0 = Debug|Any CPU
		{E9FFFD2B-96FA-45CE-A501-E42B2E491CC1}.Release|Any CPU.ActiveCfg = Release|Any CPU
		{E9FFFD2B-96FA-45CE-A501-E42B2E491CC1}.Release|Any CPU.Build.0 = Release|Any CPU
		{9A4CA47F-1879-4935-A6D6-AA6D506F8D4D}.Debug|Any CPU.ActiveCfg = Debug|Any CPU
		{9A4CA47F-1879-4935-A6D6-AA6D506F8D4D}.Debug|Any CPU.Build.0 = Debug|Any CPU
		{9A4CA47F-1879-4935-A6D6-AA6D506F8D4D}.Release|Any CPU.ActiveCfg = Release|Any CPU
		{9A4CA47F-1879-4935-A6D6-AA6D506F8D4D}.Release|Any CPU.Build.0 = Release|Any CPU
		{F5DF452C-F0A8-403A-A1E6-0DD4095C93E9}.Debug|Any CPU.ActiveCfg = Debug|Any CPU
		{F5DF452C-F0A8-403A-A1E6-0DD4095C93E9}.Debug|Any CPU.Build.0 = Debug|Any CPU
		{F5DF452C-F0A8-403A-A1E6-0DD4095C93E9}.Release|Any CPU.ActiveCfg = Release|Any CPU
		{F5DF452C-F0A8-403A-A1E6-0DD4095C93E9}.Release|Any CPU.Build.0 = Release|Any CPU
		{1B18AC83-9D30-471D-A446-64AC284F6316}.Debug|Any CPU.ActiveCfg = Debug|Any CPU
		{1B18AC83-9D30-471D-A446-64AC284F6316}.Debug|Any CPU.Build.0 = Debug|Any CPU
		{1B18AC83-9D30-471D-A446-64AC284F6316}.Release|Any CPU.ActiveCfg = Release|Any CPU
		{1B18AC83-9D30-471D-A446-64AC284F6316}.Release|Any CPU.Build.0 = Release|Any CPU
		{CE94CC7B-FE08-4137-AB0E-033F483E42D1}.Debug|Any CPU.ActiveCfg = Debug|Any CPU
		{CE94CC7B-FE08-4137-AB0E-033F483E42D1}.Debug|Any CPU.Build.0 = Debug|Any CPU
		{CE94CC7B-FE08-4137-AB0E-033F483E42D1}.Release|Any CPU.ActiveCfg = Release|Any CPU
		{CE94CC7B-FE08-4137-AB0E-033F483E42D1}.Release|Any CPU.Build.0 = Release|Any CPU
		{BE60E437-455F-494C-8DC4-90080DB07BAA}.Debug|Any CPU.ActiveCfg = Debug|Any CPU
		{BE60E437-455F-494C-8DC4-90080DB07BAA}.Debug|Any CPU.Build.0 = Debug|Any CPU
		{BE60E437-455F-494C-8DC4-90080DB07BAA}.Release|Any CPU.ActiveCfg = Release|Any CPU
		{BE60E437-455F-494C-8DC4-90080DB07BAA}.Release|Any CPU.Build.0 = Release|Any CPU
		{A04A4A60-E2CB-438B-BC48-86630C5E1D37}.Debug|Any CPU.ActiveCfg = Debug|Any CPU
		{A04A4A60-E2CB-438B-BC48-86630C5E1D37}.Debug|Any CPU.Build.0 = Debug|Any CPU
		{A04A4A60-E2CB-438B-BC48-86630C5E1D37}.Release|Any CPU.ActiveCfg = Release|Any CPU
		{A04A4A60-E2CB-438B-BC48-86630C5E1D37}.Release|Any CPU.Build.0 = Release|Any CPU
		{931A1D3C-D96A-4E57-88B7-D654A4C1DABC}.Debug|Any CPU.ActiveCfg = Debug|Any CPU
		{931A1D3C-D96A-4E57-88B7-D654A4C1DABC}.Debug|Any CPU.Build.0 = Debug|Any CPU
		{931A1D3C-D96A-4E57-88B7-D654A4C1DABC}.Release|Any CPU.ActiveCfg = Release|Any CPU
		{931A1D3C-D96A-4E57-88B7-D654A4C1DABC}.Release|Any CPU.Build.0 = Release|Any CPU
		{540C1004-9470-454F-B4CB-F1210B1E87AF}.Debug|Any CPU.ActiveCfg = Debug|Any CPU
		{540C1004-9470-454F-B4CB-F1210B1E87AF}.Debug|Any CPU.Build.0 = Debug|Any CPU
		{540C1004-9470-454F-B4CB-F1210B1E87AF}.Release|Any CPU.ActiveCfg = Release|Any CPU
		{540C1004-9470-454F-B4CB-F1210B1E87AF}.Release|Any CPU.Build.0 = Release|Any CPU
		{10A9329E-4782-4B31-AB6B-12FDCD49EA3A}.Debug|Any CPU.ActiveCfg = Debug|Any CPU
		{10A9329E-4782-4B31-AB6B-12FDCD49EA3A}.Debug|Any CPU.Build.0 = Debug|Any CPU
		{10A9329E-4782-4B31-AB6B-12FDCD49EA3A}.Release|Any CPU.ActiveCfg = Release|Any CPU
		{10A9329E-4782-4B31-AB6B-12FDCD49EA3A}.Release|Any CPU.Build.0 = Release|Any CPU
		{A04B98F0-568E-461D-A87B-E41F44971AB4}.Debug|Any CPU.ActiveCfg = Debug|Any CPU
		{A04B98F0-568E-461D-A87B-E41F44971AB4}.Debug|Any CPU.Build.0 = Debug|Any CPU
		{A04B98F0-568E-461D-A87B-E41F44971AB4}.Release|Any CPU.ActiveCfg = Release|Any CPU
		{A04B98F0-568E-461D-A87B-E41F44971AB4}.Release|Any CPU.Build.0 = Release|Any CPU
		{B060E6B8-23B2-494B-AB5E-FFEA5AB774D3}.Debug|Any CPU.ActiveCfg = Debug|Any CPU
		{B060E6B8-23B2-494B-AB5E-FFEA5AB774D3}.Debug|Any CPU.Build.0 = Debug|Any CPU
		{B060E6B8-23B2-494B-AB5E-FFEA5AB774D3}.Release|Any CPU.ActiveCfg = Release|Any CPU
		{B060E6B8-23B2-494B-AB5E-FFEA5AB774D3}.Release|Any CPU.Build.0 = Release|Any CPU
		{C2F0DE94-3DD2-4632-BB54-321DCDA24305}.Debug|Any CPU.ActiveCfg = Debug|Any CPU
		{C2F0DE94-3DD2-4632-BB54-321DCDA24305}.Debug|Any CPU.Build.0 = Debug|Any CPU
		{C2F0DE94-3DD2-4632-BB54-321DCDA24305}.Release|Any CPU.ActiveCfg = Release|Any CPU
		{C2F0DE94-3DD2-4632-BB54-321DCDA24305}.Release|Any CPU.Build.0 = Release|Any CPU
		{8BD50CD7-F515-4BBF-A8F7-1B18AE2C8087}.Debug|Any CPU.ActiveCfg = Debug|Any CPU
		{8BD50CD7-F515-4BBF-A8F7-1B18AE2C8087}.Debug|Any CPU.Build.0 = Debug|Any CPU
		{8BD50CD7-F515-4BBF-A8F7-1B18AE2C8087}.Release|Any CPU.ActiveCfg = Release|Any CPU
		{8BD50CD7-F515-4BBF-A8F7-1B18AE2C8087}.Release|Any CPU.Build.0 = Release|Any CPU
		{ED0E00BC-5431-452F-8813-3B7FE0B76A77}.Debug|Any CPU.ActiveCfg = Debug|Any CPU
		{ED0E00BC-5431-452F-8813-3B7FE0B76A77}.Debug|Any CPU.Build.0 = Debug|Any CPU
		{ED0E00BC-5431-452F-8813-3B7FE0B76A77}.Release|Any CPU.ActiveCfg = Release|Any CPU
		{ED0E00BC-5431-452F-8813-3B7FE0B76A77}.Release|Any CPU.Build.0 = Release|Any CPU
		{C028638C-900B-4B0C-A2DA-84F14D23E1DB}.Debug|Any CPU.ActiveCfg = Debug|Any CPU
		{C028638C-900B-4B0C-A2DA-84F14D23E1DB}.Debug|Any CPU.Build.0 = Debug|Any CPU
		{C028638C-900B-4B0C-A2DA-84F14D23E1DB}.Release|Any CPU.ActiveCfg = Release|Any CPU
		{C028638C-900B-4B0C-A2DA-84F14D23E1DB}.Release|Any CPU.Build.0 = Release|Any CPU
		{F9101094-5E3B-498C-9FFC-3D90DD44147B}.Debug|Any CPU.ActiveCfg = Debug|Any CPU
		{F9101094-5E3B-498C-9FFC-3D90DD44147B}.Debug|Any CPU.Build.0 = Debug|Any CPU
		{F9101094-5E3B-498C-9FFC-3D90DD44147B}.Release|Any CPU.ActiveCfg = Release|Any CPU
		{F9101094-5E3B-498C-9FFC-3D90DD44147B}.Release|Any CPU.Build.0 = Release|Any CPU
		{C1DA9507-EFDA-4D34-8969-C1B392F36CC5}.Debug|Any CPU.ActiveCfg = Debug|Any CPU
		{C1DA9507-EFDA-4D34-8969-C1B392F36CC5}.Debug|Any CPU.Build.0 = Debug|Any CPU
		{C1DA9507-EFDA-4D34-8969-C1B392F36CC5}.Release|Any CPU.ActiveCfg = Release|Any CPU
		{C1DA9507-EFDA-4D34-8969-C1B392F36CC5}.Release|Any CPU.Build.0 = Release|Any CPU
		{5A1C70D5-D557-4745-80A3-558E84A40431}.Debug|Any CPU.ActiveCfg = Debug|Any CPU
		{5A1C70D5-D557-4745-80A3-558E84A40431}.Debug|Any CPU.Build.0 = Debug|Any CPU
		{5A1C70D5-D557-4745-80A3-558E84A40431}.Release|Any CPU.ActiveCfg = Release|Any CPU
		{5A1C70D5-D557-4745-80A3-558E84A40431}.Release|Any CPU.Build.0 = Release|Any CPU
		{60145C36-284A-48A0-9D47-04EE31179355}.Debug|Any CPU.ActiveCfg = Debug|Any CPU
		{60145C36-284A-48A0-9D47-04EE31179355}.Debug|Any CPU.Build.0 = Debug|Any CPU
		{60145C36-284A-48A0-9D47-04EE31179355}.Release|Any CPU.ActiveCfg = Release|Any CPU
		{60145C36-284A-48A0-9D47-04EE31179355}.Release|Any CPU.Build.0 = Release|Any CPU
		{17324967-35AC-4F8C-A993-19900391F728}.Debug|Any CPU.ActiveCfg = Debug|Any CPU
		{17324967-35AC-4F8C-A993-19900391F728}.Debug|Any CPU.Build.0 = Debug|Any CPU
		{17324967-35AC-4F8C-A993-19900391F728}.Release|Any CPU.ActiveCfg = Release|Any CPU
		{17324967-35AC-4F8C-A993-19900391F728}.Release|Any CPU.Build.0 = Release|Any CPU
		{51A30B7B-38DB-45B8-96C5-B41C039FBC10}.Debug|Any CPU.ActiveCfg = Debug|Any CPU
		{51A30B7B-38DB-45B8-96C5-B41C039FBC10}.Debug|Any CPU.Build.0 = Debug|Any CPU
		{51A30B7B-38DB-45B8-96C5-B41C039FBC10}.Release|Any CPU.ActiveCfg = Release|Any CPU
		{51A30B7B-38DB-45B8-96C5-B41C039FBC10}.Release|Any CPU.Build.0 = Release|Any CPU
		{1A597B69-E44C-451A-B853-63142A7473E3}.Debug|Any CPU.ActiveCfg = Debug|Any CPU
		{1A597B69-E44C-451A-B853-63142A7473E3}.Debug|Any CPU.Build.0 = Debug|Any CPU
		{1A597B69-E44C-451A-B853-63142A7473E3}.Release|Any CPU.ActiveCfg = Release|Any CPU
		{1A597B69-E44C-451A-B853-63142A7473E3}.Release|Any CPU.Build.0 = Release|Any CPU
		{7291B1CB-F1A2-4993-80A9-3C8AF42E7CBA}.Debug|Any CPU.ActiveCfg = Debug|Any CPU
		{7291B1CB-F1A2-4993-80A9-3C8AF42E7CBA}.Debug|Any CPU.Build.0 = Debug|Any CPU
		{7291B1CB-F1A2-4993-80A9-3C8AF42E7CBA}.Release|Any CPU.ActiveCfg = Release|Any CPU
		{7291B1CB-F1A2-4993-80A9-3C8AF42E7CBA}.Release|Any CPU.Build.0 = Release|Any CPU
		{C69DF9D7-A0A6-4A60-B0C3-B918600778B0}.Debug|Any CPU.ActiveCfg = Debug|Any CPU
		{C69DF9D7-A0A6-4A60-B0C3-B918600778B0}.Debug|Any CPU.Build.0 = Debug|Any CPU
		{C69DF9D7-A0A6-4A60-B0C3-B918600778B0}.Release|Any CPU.ActiveCfg = Release|Any CPU
		{C69DF9D7-A0A6-4A60-B0C3-B918600778B0}.Release|Any CPU.Build.0 = Release|Any CPU
		{A9B8CA27-E5BD-4104-B30E-7245C75FF333}.Debug|Any CPU.ActiveCfg = Debug|Any CPU
		{A9B8CA27-E5BD-4104-B30E-7245C75FF333}.Debug|Any CPU.Build.0 = Debug|Any CPU
		{A9B8CA27-E5BD-4104-B30E-7245C75FF333}.Release|Any CPU.ActiveCfg = Release|Any CPU
		{A9B8CA27-E5BD-4104-B30E-7245C75FF333}.Release|Any CPU.Build.0 = Release|Any CPU
		{8A42FB6D-C36C-4C84-A8FE-47D33F70E0ED}.Debug|Any CPU.ActiveCfg = Debug|Any CPU
		{8A42FB6D-C36C-4C84-A8FE-47D33F70E0ED}.Debug|Any CPU.Build.0 = Debug|Any CPU
		{8A42FB6D-C36C-4C84-A8FE-47D33F70E0ED}.Release|Any CPU.ActiveCfg = Release|Any CPU
		{8A42FB6D-C36C-4C84-A8FE-47D33F70E0ED}.Release|Any CPU.Build.0 = Release|Any CPU
		{37F77B6D-EEA6-4710-A0A0-EB6ADC60F29C}.Debug|Any CPU.ActiveCfg = Debug|Any CPU
		{37F77B6D-EEA6-4710-A0A0-EB6ADC60F29C}.Debug|Any CPU.Build.0 = Debug|Any CPU
		{37F77B6D-EEA6-4710-A0A0-EB6ADC60F29C}.Release|Any CPU.ActiveCfg = Release|Any CPU
		{37F77B6D-EEA6-4710-A0A0-EB6ADC60F29C}.Release|Any CPU.Build.0 = Release|Any CPU
		{C1215EC7-7803-43E0-A85C-C1CE906585E0}.Debug|Any CPU.ActiveCfg = Debug|Any CPU
		{C1215EC7-7803-43E0-A85C-C1CE906585E0}.Debug|Any CPU.Build.0 = Debug|Any CPU
		{C1215EC7-7803-43E0-A85C-C1CE906585E0}.Release|Any CPU.ActiveCfg = Release|Any CPU
		{C1215EC7-7803-43E0-A85C-C1CE906585E0}.Release|Any CPU.Build.0 = Release|Any CPU
		{6F46120C-F955-405D-9208-47492F520B75}.Debug|Any CPU.ActiveCfg = Debug|Any CPU
		{6F46120C-F955-405D-9208-47492F520B75}.Debug|Any CPU.Build.0 = Debug|Any CPU
		{6F46120C-F955-405D-9208-47492F520B75}.Release|Any CPU.ActiveCfg = Release|Any CPU
		{6F46120C-F955-405D-9208-47492F520B75}.Release|Any CPU.Build.0 = Release|Any CPU
		{C308CFE1-E766-4D80-990F-D59139AB366E}.Debug|Any CPU.ActiveCfg = Debug|Any CPU
		{C308CFE1-E766-4D80-990F-D59139AB366E}.Debug|Any CPU.Build.0 = Debug|Any CPU
		{C308CFE1-E766-4D80-990F-D59139AB366E}.Release|Any CPU.ActiveCfg = Release|Any CPU
		{C308CFE1-E766-4D80-990F-D59139AB366E}.Release|Any CPU.Build.0 = Release|Any CPU
		{621104BF-F39E-4E8A-B83D-FF9DB3156C0A}.Debug|Any CPU.ActiveCfg = Debug|Any CPU
		{621104BF-F39E-4E8A-B83D-FF9DB3156C0A}.Debug|Any CPU.Build.0 = Debug|Any CPU
		{621104BF-F39E-4E8A-B83D-FF9DB3156C0A}.Release|Any CPU.ActiveCfg = Release|Any CPU
		{621104BF-F39E-4E8A-B83D-FF9DB3156C0A}.Release|Any CPU.Build.0 = Release|Any CPU
		{A3FD3B31-2A38-476B-813B-3C85225AF1C6}.Debug|Any CPU.ActiveCfg = Debug|Any CPU
		{A3FD3B31-2A38-476B-813B-3C85225AF1C6}.Debug|Any CPU.Build.0 = Debug|Any CPU
		{A3FD3B31-2A38-476B-813B-3C85225AF1C6}.Release|Any CPU.ActiveCfg = Release|Any CPU
		{A3FD3B31-2A38-476B-813B-3C85225AF1C6}.Release|Any CPU.Build.0 = Release|Any CPU
		{F8203651-BB58-4CDF-A70D-9CCE17288936}.Debug|Any CPU.ActiveCfg = Debug|Any CPU
		{F8203651-BB58-4CDF-A70D-9CCE17288936}.Debug|Any CPU.Build.0 = Debug|Any CPU
		{F8203651-BB58-4CDF-A70D-9CCE17288936}.Release|Any CPU.ActiveCfg = Release|Any CPU
		{F8203651-BB58-4CDF-A70D-9CCE17288936}.Release|Any CPU.Build.0 = Release|Any CPU
		{031A01A5-D683-426A-AF12-9D8E2F949794}.Debug|Any CPU.ActiveCfg = Debug|Any CPU
		{031A01A5-D683-426A-AF12-9D8E2F949794}.Debug|Any CPU.Build.0 = Debug|Any CPU
		{031A01A5-D683-426A-AF12-9D8E2F949794}.Release|Any CPU.ActiveCfg = Release|Any CPU
		{031A01A5-D683-426A-AF12-9D8E2F949794}.Release|Any CPU.Build.0 = Release|Any CPU
		{83873592-BE38-4C50-94D0-3BA267206AA4}.Debug|Any CPU.ActiveCfg = Debug|Any CPU
		{83873592-BE38-4C50-94D0-3BA267206AA4}.Debug|Any CPU.Build.0 = Debug|Any CPU
		{83873592-BE38-4C50-94D0-3BA267206AA4}.Release|Any CPU.ActiveCfg = Release|Any CPU
		{83873592-BE38-4C50-94D0-3BA267206AA4}.Release|Any CPU.Build.0 = Release|Any CPU
		{73E3DABD-B79C-46C2-8DB5-FD9A60AD2356}.Debug|Any CPU.ActiveCfg = Debug|Any CPU
		{73E3DABD-B79C-46C2-8DB5-FD9A60AD2356}.Debug|Any CPU.Build.0 = Debug|Any CPU
		{73E3DABD-B79C-46C2-8DB5-FD9A60AD2356}.Release|Any CPU.ActiveCfg = Release|Any CPU
		{73E3DABD-B79C-46C2-8DB5-FD9A60AD2356}.Release|Any CPU.Build.0 = Release|Any CPU
		{6A2CB896-5A3E-4583-BCB2-AB410FCB6CF0}.Debug|Any CPU.ActiveCfg = Debug|Any CPU
		{6A2CB896-5A3E-4583-BCB2-AB410FCB6CF0}.Debug|Any CPU.Build.0 = Debug|Any CPU
		{6A2CB896-5A3E-4583-BCB2-AB410FCB6CF0}.Release|Any CPU.ActiveCfg = Release|Any CPU
		{6A2CB896-5A3E-4583-BCB2-AB410FCB6CF0}.Release|Any CPU.Build.0 = Release|Any CPU
		{726074B4-5DB7-42C9-82E4-D6371EA8A5B4}.Debug|Any CPU.ActiveCfg = Debug|Any CPU
		{726074B4-5DB7-42C9-82E4-D6371EA8A5B4}.Debug|Any CPU.Build.0 = Debug|Any CPU
		{726074B4-5DB7-42C9-82E4-D6371EA8A5B4}.Release|Any CPU.ActiveCfg = Release|Any CPU
		{726074B4-5DB7-42C9-82E4-D6371EA8A5B4}.Release|Any CPU.Build.0 = Release|Any CPU
		{A51D4273-2288-40FA-8818-AD0B133AA0B3}.Debug|Any CPU.ActiveCfg = Debug|Any CPU
		{A51D4273-2288-40FA-8818-AD0B133AA0B3}.Debug|Any CPU.Build.0 = Debug|Any CPU
		{A51D4273-2288-40FA-8818-AD0B133AA0B3}.Release|Any CPU.ActiveCfg = Release|Any CPU
		{A51D4273-2288-40FA-8818-AD0B133AA0B3}.Release|Any CPU.Build.0 = Release|Any CPU
		{896B6505-4412-4E08-9599-7C1EFB4D6E48}.Debug|Any CPU.ActiveCfg = Debug|Any CPU
		{896B6505-4412-4E08-9599-7C1EFB4D6E48}.Debug|Any CPU.Build.0 = Debug|Any CPU
		{896B6505-4412-4E08-9599-7C1EFB4D6E48}.Release|Any CPU.ActiveCfg = Release|Any CPU
		{896B6505-4412-4E08-9599-7C1EFB4D6E48}.Release|Any CPU.Build.0 = Release|Any CPU
		{794F85A1-434F-471B-A160-D5EDB09ED159}.Debug|Any CPU.ActiveCfg = Debug|Any CPU
		{794F85A1-434F-471B-A160-D5EDB09ED159}.Debug|Any CPU.Build.0 = Debug|Any CPU
		{794F85A1-434F-471B-A160-D5EDB09ED159}.Release|Any CPU.ActiveCfg = Release|Any CPU
		{794F85A1-434F-471B-A160-D5EDB09ED159}.Release|Any CPU.Build.0 = Release|Any CPU
	EndGlobalSection
	GlobalSection(SolutionProperties) = preSolution
		HideSolutionNode = FALSE
	EndGlobalSection
	GlobalSection(NestedProjects) = preSolution
		{0AF3EE0A-CB4F-4827-91EA-4B3B1B8DA2FA} = {EA3CFDCA-81FE-451B-960E-ACB66B463DB4}
		{C53E3163-2770-42E2-A307-BD0572FB2192} = {0AF3EE0A-CB4F-4827-91EA-4B3B1B8DA2FA}
		{02C7D744-295D-4519-AA31-964A7FD33617} = {EA3CFDCA-81FE-451B-960E-ACB66B463DB4}
		{D99018F8-9460-486E-A227-FFB59EFBF983} = {02C7D744-295D-4519-AA31-964A7FD33617}
		{9E2A314C-B173-4F8C-A2C7-57FD5E0426C5} = {D99018F8-9460-486E-A227-FFB59EFBF983}
		{FC1FD1D5-1C0C-4CC8-9DA6-6EF10E8362DC} = {9E2A314C-B173-4F8C-A2C7-57FD5E0426C5}
		{8459AF35-E355-433E-BFD9-261767EEAE90} = {9E2A314C-B173-4F8C-A2C7-57FD5E0426C5}
		{AB6F0DE9-95DA-40C5-B1A5-CC7CF4135C4F} = {9E2A314C-B173-4F8C-A2C7-57FD5E0426C5}
		{E9FFFD2B-96FA-45CE-A501-E42B2E491CC1} = {9E2A314C-B173-4F8C-A2C7-57FD5E0426C5}
		{9A4CA47F-1879-4935-A6D6-AA6D506F8D4D} = {9E2A314C-B173-4F8C-A2C7-57FD5E0426C5}
		{F5DF452C-F0A8-403A-A1E6-0DD4095C93E9} = {9E2A314C-B173-4F8C-A2C7-57FD5E0426C5}
		{5F8CA803-FBEC-4321-98AC-CE06D4F9A91D} = {02C7D744-295D-4519-AA31-964A7FD33617}
		{A221839D-4981-4765-9152-DFDA20260A79} = {5F8CA803-FBEC-4321-98AC-CE06D4F9A91D}
		{1B18AC83-9D30-471D-A446-64AC284F6316} = {A221839D-4981-4765-9152-DFDA20260A79}
		{CE94CC7B-FE08-4137-AB0E-033F483E42D1} = {A221839D-4981-4765-9152-DFDA20260A79}
		{BE60E437-455F-494C-8DC4-90080DB07BAA} = {A221839D-4981-4765-9152-DFDA20260A79}
		{6E7F558F-A205-43C5-94BA-3F28A98FCFDB} = {02C7D744-295D-4519-AA31-964A7FD33617}
		{4DD833DB-6ACA-4275-80B0-65AFD1001B87} = {6E7F558F-A205-43C5-94BA-3F28A98FCFDB}
		{A04A4A60-E2CB-438B-BC48-86630C5E1D37} = {4DD833DB-6ACA-4275-80B0-65AFD1001B87}
		{931A1D3C-D96A-4E57-88B7-D654A4C1DABC} = {4DD833DB-6ACA-4275-80B0-65AFD1001B87}
		{540C1004-9470-454F-B4CB-F1210B1E87AF} = {4DD833DB-6ACA-4275-80B0-65AFD1001B87}
		{10A9329E-4782-4B31-AB6B-12FDCD49EA3A} = {4DD833DB-6ACA-4275-80B0-65AFD1001B87}
		{57BD1990-50CC-4473-8E0F-173854320D4B} = {9E2A314C-B173-4F8C-A2C7-57FD5E0426C5}
		{A04B98F0-568E-461D-A87B-E41F44971AB4} = {57BD1990-50CC-4473-8E0F-173854320D4B}
		{B060E6B8-23B2-494B-AB5E-FFEA5AB774D3} = {57BD1990-50CC-4473-8E0F-173854320D4B}
		{C1DCA48E-1FB9-448E-92E6-B3D46666119A} = {9E2A314C-B173-4F8C-A2C7-57FD5E0426C5}
		{C2F0DE94-3DD2-4632-BB54-321DCDA24305} = {C1DCA48E-1FB9-448E-92E6-B3D46666119A}
		{0ABE8D26-643C-4AB1-B17A-69E7635EDBD4} = {A221839D-4981-4765-9152-DFDA20260A79}
		{8BD50CD7-F515-4BBF-A8F7-1B18AE2C8087} = {0ABE8D26-643C-4AB1-B17A-69E7635EDBD4}
		{ED0E00BC-5431-452F-8813-3B7FE0B76A77} = {0ABE8D26-643C-4AB1-B17A-69E7635EDBD4}
		{7A34B7D1-5D47-49A2-840D-B5C5E862E04D} = {A221839D-4981-4765-9152-DFDA20260A79}
		{C028638C-900B-4B0C-A2DA-84F14D23E1DB} = {7A34B7D1-5D47-49A2-840D-B5C5E862E04D}
		{D111C57A-BC0F-46EC-8BD5-B83D43F6BF2A} = {A221839D-4981-4765-9152-DFDA20260A79}
		{F9101094-5E3B-498C-9FFC-3D90DD44147B} = {D111C57A-BC0F-46EC-8BD5-B83D43F6BF2A}
		{C1DA9507-EFDA-4D34-8969-C1B392F36CC5} = {D111C57A-BC0F-46EC-8BD5-B83D43F6BF2A}
		{3A8209AB-8DE4-4BDC-844A-39EF7F8A9F27} = {A221839D-4981-4765-9152-DFDA20260A79}
		{5A1C70D5-D557-4745-80A3-558E84A40431} = {3A8209AB-8DE4-4BDC-844A-39EF7F8A9F27}
		{60145C36-284A-48A0-9D47-04EE31179355} = {3A8209AB-8DE4-4BDC-844A-39EF7F8A9F27}
		{B33E5C43-D3A7-4EFE-87B1-0487F3910CE3} = {4DD833DB-6ACA-4275-80B0-65AFD1001B87}
		{17324967-35AC-4F8C-A993-19900391F728} = {B33E5C43-D3A7-4EFE-87B1-0487F3910CE3}
		{51A30B7B-38DB-45B8-96C5-B41C039FBC10} = {B33E5C43-D3A7-4EFE-87B1-0487F3910CE3}
		{A68F5847-FA0D-43AD-A7E5-A798DD47439B} = {4DD833DB-6ACA-4275-80B0-65AFD1001B87}
		{1A597B69-E44C-451A-B853-63142A7473E3} = {A68F5847-FA0D-43AD-A7E5-A798DD47439B}
		{7291B1CB-F1A2-4993-80A9-3C8AF42E7CBA} = {A68F5847-FA0D-43AD-A7E5-A798DD47439B}
		{60C4D8F8-0D2D-4498-A07A-2CCF41FE59BA} = {4DD833DB-6ACA-4275-80B0-65AFD1001B87}
		{C69DF9D7-A0A6-4A60-B0C3-B918600778B0} = {60C4D8F8-0D2D-4498-A07A-2CCF41FE59BA}
		{A9B8CA27-E5BD-4104-B30E-7245C75FF333} = {60C4D8F8-0D2D-4498-A07A-2CCF41FE59BA}
		{91F94EB4-68AA-45E9-B15E-EC0DC96E474A} = {4DD833DB-6ACA-4275-80B0-65AFD1001B87}
		{8A42FB6D-C36C-4C84-A8FE-47D33F70E0ED} = {91F94EB4-68AA-45E9-B15E-EC0DC96E474A}
		{37F77B6D-EEA6-4710-A0A0-EB6ADC60F29C} = {91F94EB4-68AA-45E9-B15E-EC0DC96E474A}
		{53C62C5F-8DF5-454E-A675-ECEFA8F6267B} = {4DD833DB-6ACA-4275-80B0-65AFD1001B87}
		{C1215EC7-7803-43E0-A85C-C1CE906585E0} = {53C62C5F-8DF5-454E-A675-ECEFA8F6267B}
		{6F46120C-F955-405D-9208-47492F520B75} = {53C62C5F-8DF5-454E-A675-ECEFA8F6267B}
		{AA8D5295-5BAB-4CBB-A795-E52EE21C6C1B} = {02C7D744-295D-4519-AA31-964A7FD33617}
		{753F6B9C-D30F-4029-977C-A650AD5FCC69} = {AA8D5295-5BAB-4CBB-A795-E52EE21C6C1B}
		{1EEBD9EB-3D26-4291-80C7-7AE0164CF3EF} = {753F6B9C-D30F-4029-977C-A650AD5FCC69}
		{C308CFE1-E766-4D80-990F-D59139AB366E} = {1EEBD9EB-3D26-4291-80C7-7AE0164CF3EF}
		{94FBE721-6E9C-4C6C-9537-13903F506D8B} = {753F6B9C-D30F-4029-977C-A650AD5FCC69}
		{621104BF-F39E-4E8A-B83D-FF9DB3156C0A} = {94FBE721-6E9C-4C6C-9537-13903F506D8B}
		{A3FD3B31-2A38-476B-813B-3C85225AF1C6} = {94FBE721-6E9C-4C6C-9537-13903F506D8B}
		{3F84C165-2450-40B2-A381-4962E9F73666} = {753F6B9C-D30F-4029-977C-A650AD5FCC69}
		{F8203651-BB58-4CDF-A70D-9CCE17288936} = {3F84C165-2450-40B2-A381-4962E9F73666}
		{B0FAA569-1820-4D61-B6C1-733DD92EAA18} = {753F6B9C-D30F-4029-977C-A650AD5FCC69}
		{031A01A5-D683-426A-AF12-9D8E2F949794} = {B0FAA569-1820-4D61-B6C1-733DD92EAA18}
		{83873592-BE38-4C50-94D0-3BA267206AA4} = {B0FAA569-1820-4D61-B6C1-733DD92EAA18}
		{E6015B75-C1C4-48D5-9A7E-ECF36DDFD024} = {02C7D744-295D-4519-AA31-964A7FD33617}
		{4DF81661-89B6-47DC-81D9-FAF991657D93} = {E6015B75-C1C4-48D5-9A7E-ECF36DDFD024}
		{018512DC-AC47-4CB1-A934-D3EAE8C5EEA6} = {4DF81661-89B6-47DC-81D9-FAF991657D93}
		{73E3DABD-B79C-46C2-8DB5-FD9A60AD2356} = {018512DC-AC47-4CB1-A934-D3EAE8C5EEA6}
		{6A2CB896-5A3E-4583-BCB2-AB410FCB6CF0} = {018512DC-AC47-4CB1-A934-D3EAE8C5EEA6}
		{9C0C809E-0A21-4053-9B33-96386FAD1295} = {7A34B7D1-5D47-49A2-840D-B5C5E862E04D}
		{726074B4-5DB7-42C9-82E4-D6371EA8A5B4} = {9C0C809E-0A21-4053-9B33-96386FAD1295}
		{A51D4273-2288-40FA-8818-AD0B133AA0B3} = {9C0C809E-0A21-4053-9B33-96386FAD1295}
		{2F470B8F-2391-4E9A-AA20-3324E0BEC22F} = {A68F5847-FA0D-43AD-A7E5-A798DD47439B}
		{896B6505-4412-4E08-9599-7C1EFB4D6E48} = {2F470B8F-2391-4E9A-AA20-3324E0BEC22F}
		{794F85A1-434F-471B-A160-D5EDB09ED159} = {2F470B8F-2391-4E9A-AA20-3324E0BEC22F}
	EndGlobalSection
	GlobalSection(ExtensibilityGlobals) = postSolution
		SolutionGuid = {959F1973-CF27-4BC8-B2D5-BF1525AD1A86}
	EndGlobalSection
EndGlobal
